
Microsoft Visual Studio Solution File, Format Version 12.00
Project("{FAE04EC0-301F-11D3-BF4B-00C04F79EFBC}") = "AShop", "AShop\AShop.csproj", "{8D45A7E6-FE2F-4977-92E0-DD30B13473EE}"
EndProject
Global
	GlobalSection(SolutionConfigurationPlatforms) = preSolution
		Debug|Any CPU = Debug|Any CPU
		Release|Any CPU = Release|Any CPU
	EndGlobalSection
	GlobalSection(ProjectConfigurationPlatforms) = postSolution
		{8D45A7E6-FE2F-4977-92E0-DD30B13473EE}.Debug|Any CPU.ActiveCfg = Debug|Any CPU
		{8D45A7E6-FE2F-4977-92E0-DD30B13473EE}.Debug|Any CPU.Build.0 = Debug|Any CPU
		{8D45A7E6-FE2F-4977-92E0-DD30B13473EE}.Release|Any CPU.ActiveCfg = Release|Any CPU
		{8D45A7E6-FE2F-4977-92E0-DD30B13473EE}.Release|Any CPU.Build.0 = Release|Any CPU
	EndGlobalSection
EndGlobal
